// !$*UTF8*$!
{
	archiveVersion = 1;
	classes = {
	};
	objectVersion = 50;
	objects = {

/* Begin PBXBuildFile section */
		D4A6A18A25F0843000075A2C /* main.mm in Sources */ = {isa = PBXBuildFile; fileRef = D4A6A18925F0843000075A2C /* main.mm */; };
		D4A6A1FF25F1751200075A2C /* Bio.framework in Frameworks */ = {isa = PBXBuildFile; fileRef = D4A6A1FD25F172CB00075A2C /* Bio.framework */; };
		D4A6A20025F1751200075A2C /* Bio.framework in Embed Frameworks */ = {isa = PBXBuildFile; fileRef = D4A6A1FD25F172CB00075A2C /* Bio.framework */; settings = {ATTRIBUTES = (CodeSignOnCopy, RemoveHeadersOnCopy, ); }; };
/* End PBXBuildFile section */

/* Begin PBXCopyFilesBuildPhase section */
		D4A6A18425F0843000075A2C /* CopyFiles */ = {
			isa = PBXCopyFilesBuildPhase;
			buildActionMask = 2147483647;
			dstPath = /usr/share/man/man1/;
			dstSubfolderSpec = 0;
			files = (
			);
			runOnlyForDeploymentPostprocessing = 1;
		};
		D4A6A1F625F1701F00075A2C /* Embed Frameworks */ = {
			isa = PBXCopyFilesBuildPhase;
			buildActionMask = 2147483647;
			dstPath = "";
			dstSubfolderSpec = 10;
			files = (
				D4A6A20025F1751200075A2C /* Bio.framework in Embed Frameworks */,
			);
			name = "Embed Frameworks";
			runOnlyForDeploymentPostprocessing = 0;
		};
/* End PBXCopyFilesBuildPhase section */

/* Begin PBXFileReference section */
		D4A6A18625F0843000075A2C /* BioTest */ = {isa = PBXFileReference; explicitFileType = "compiled.mach-o.executable"; includeInIndex = 0; path = BioTest; sourceTree = BUILT_PRODUCTS_DIR; };
		D4A6A18925F0843000075A2C /* main.mm */ = {isa = PBXFileReference; lastKnownFileType = sourcecode.cpp.objcpp; path = main.mm; sourceTree = "<group>"; };
		D4A6A1FD25F172CB00075A2C /* Bio.framework */ = {isa = PBXFileReference; lastKnownFileType = wrapper.framework; path = Bio.framework; sourceTree = "<group>"; };
/* End PBXFileReference section */

/* Begin PBXFrameworksBuildPhase section */
		D4A6A18325F0843000075A2C /* Frameworks */ = {
			isa = PBXFrameworksBuildPhase;
			buildActionMask = 2147483647;
			files = (
				D4A6A1FF25F1751200075A2C /* Bio.framework in Frameworks */,
			);
			runOnlyForDeploymentPostprocessing = 0;
		};
/* End PBXFrameworksBuildPhase section */

/* Begin PBXGroup section */
		D4A6A17D25F0843000075A2C = {
			isa = PBXGroup;
			children = (
				D4A6A18825F0843000075A2C /* BioTest */,
				D4A6A18725F0843000075A2C /* Products */,
				D4A6A1EF25F169EA00075A2C /* Frameworks */,
			);
			sourceTree = "<group>";
		};
		D4A6A18725F0843000075A2C /* Products */ = {
			isa = PBXGroup;
			children = (
				D4A6A18625F0843000075A2C /* BioTest */,
			);
			name = Products;
			sourceTree = "<group>";
		};
		D4A6A18825F0843000075A2C /* BioTest */ = {
			isa = PBXGroup;
			children = (
				D4A6A18925F0843000075A2C /* main.mm */,
			);
			path = BioTest;
			sourceTree = "<group>";
		};
		D4A6A1EF25F169EA00075A2C /* Frameworks */ = {
			isa = PBXGroup;
			children = (
				D4A6A1FD25F172CB00075A2C /* Bio.framework */,
			);
			name = Frameworks;
			sourceTree = "<group>";
		};
/* End PBXGroup section */

/* Begin PBXNativeTarget section */
		D4A6A18525F0843000075A2C /* BioTest */ = {
			isa = PBXNativeTarget;
			buildConfigurationList = D4A6A18D25F0843000075A2C /* Build configuration list for PBXNativeTarget "BioTest" */;
			buildPhases = (
				D4A6A18225F0843000075A2C /* Sources */,
				D4A6A18325F0843000075A2C /* Frameworks */,
				D4A6A18425F0843000075A2C /* CopyFiles */,
				D4A6A1F625F1701F00075A2C /* Embed Frameworks */,
			);
			buildRules = (
			);
			dependencies = (
			);
			name = BioTest;
			productName = BioTest;
			productReference = D4A6A18625F0843000075A2C /* BioTest */;
			productType = "com.apple.product-type.tool";
		};
/* End PBXNativeTarget section */

/* Begin PBXProject section */
		D4A6A17E25F0843000075A2C /* Project object */ = {
			isa = PBXProject;
			attributes = {
				LastUpgradeCheck = 1240;
				TargetAttributes = {
					D4A6A18525F0843000075A2C = {
						CreatedOnToolsVersion = 12.4;
					};
				};
			};
			buildConfigurationList = D4A6A18125F0843000075A2C /* Build configuration list for PBXProject "BioTest" */;
			compatibilityVersion = "Xcode 9.3";
			developmentRegion = en;
			hasScannedForEncodings = 0;
			knownRegions = (
				en,
				Base,
			);
			mainGroup = D4A6A17D25F0843000075A2C;
			productRefGroup = D4A6A18725F0843000075A2C /* Products */;
			projectDirPath = "";
			projectRoot = "";
			targets = (
				D4A6A18525F0843000075A2C /* BioTest */,
			);
		};
/* End PBXProject section */

/* Begin PBXSourcesBuildPhase section */
		D4A6A18225F0843000075A2C /* Sources */ = {
			isa = PBXSourcesBuildPhase;
			buildActionMask = 2147483647;
			files = (
				D4A6A18A25F0843000075A2C /* main.mm in Sources */,
			);
			runOnlyForDeploymentPostprocessing = 0;
		};
/* End PBXSourcesBuildPhase section */

/* Begin XCBuildConfiguration section */
		D4A6A18B25F0843000075A2C /* Debug */ = {
			isa = XCBuildConfiguration;
			buildSettings = {
				ALWAYS_SEARCH_USER_PATHS = NO;
				CLANG_ANALYZER_NONNULL = YES;
				CLANG_ANALYZER_NUMBER_OBJECT_CONVERSION = YES_AGGRESSIVE;
				CLANG_CXX_LANGUAGE_STANDARD = "gnu++14";
				CLANG_CXX_LIBRARY = "libc++";
				CLANG_ENABLE_MODULES = YES;
				CLANG_ENABLE_OBJC_ARC = YES;
				CLANG_ENABLE_OBJC_WEAK = YES;
				CLANG_WARN_BLOCK_CAPTURE_AUTORELEASING = YES;
				CLANG_WARN_BOOL_CONVERSION = YES;
				CLANG_WARN_COMMA = YES;
				CLANG_WARN_CONSTANT_CONVERSION = YES;
				CLANG_WARN_DEPRECATED_OBJC_IMPLEMENTATIONS = YES;
				CLANG_WARN_DIRECT_OBJC_ISA_USAGE = YES_ERROR;
				CLANG_WARN_DOCUMENTATION_COMMENTS = YES;
				CLANG_WARN_EMPTY_BODY = YES;
				CLANG_WARN_ENUM_CONVERSION = YES;
				CLANG_WARN_INFINITE_RECURSION = YES;
				CLANG_WARN_INT_CONVERSION = YES;
				CLANG_WARN_NON_LITERAL_NULL_CONVERSION = YES;
				CLANG_WARN_OBJC_IMPLICIT_RETAIN_SELF = YES;
				CLANG_WARN_OBJC_LITERAL_CONVERSION = YES;
				CLANG_WARN_OBJC_ROOT_CLASS = YES_ERROR;
				CLANG_WARN_QUOTED_INCLUDE_IN_FRAMEWORK_HEADER = YES;
				CLANG_WARN_RANGE_LOOP_ANALYSIS = YES;
				CLANG_WARN_STRICT_PROTOTYPES = YES;
				CLANG_WARN_SUSPICIOUS_MOVE = YES;
				CLANG_WARN_UNGUARDED_AVAILABILITY = YES_AGGRESSIVE;
				CLANG_WARN_UNREACHABLE_CODE = YES;
				CLANG_WARN__DUPLICATE_METHOD_MATCH = YES;
				COPY_PHASE_STRIP = NO;
				DEBUG_INFORMATION_FORMAT = dwarf;
				ENABLE_STRICT_OBJC_MSGSEND = YES;
				ENABLE_TESTABILITY = YES;
				GCC_C_LANGUAGE_STANDARD = gnu11;
				GCC_DYNAMIC_NO_PIC = NO;
				GCC_NO_COMMON_BLOCKS = YES;
				GCC_OPTIMIZATION_LEVEL = 0;
				GCC_PREPROCESSOR_DEFINITIONS = (
					"DEBUG=1",
					"$(inherited)",
				);
				GCC_WARN_64_TO_32_BIT_CONVERSION = YES;
				GCC_WARN_ABOUT_RETURN_TYPE = YES_ERROR;
				GCC_WARN_UNDECLARED_SELECTOR = YES;
				GCC_WARN_UNINITIALIZED_AUTOS = YES_AGGRESSIVE;
				GCC_WARN_UNUSED_FUNCTION = YES;
				GCC_WARN_UNUSED_VARIABLE = YES;
				"HEADER_SEARCH_PATHS[arch=*]" = "";
				MACOSX_DEPLOYMENT_TARGET = 11.1;
				MTL_ENABLE_DEBUG_INFO = INCLUDE_SOURCE;
				MTL_FAST_MATH = YES;
				ONLY_ACTIVE_ARCH = YES;
				SDKROOT = macosx;
			};
			name = Debug;
		};
		D4A6A18C25F0843000075A2C /* Release */ = {
			isa = XCBuildConfiguration;
			buildSettings = {
				ALWAYS_SEARCH_USER_PATHS = NO;
				CLANG_ANALYZER_NONNULL = YES;
				CLANG_ANALYZER_NUMBER_OBJECT_CONVERSION = YES_AGGRESSIVE;
				CLANG_CXX_LANGUAGE_STANDARD = "gnu++14";
				CLANG_CXX_LIBRARY = "libc++";
				CLANG_ENABLE_MODULES = YES;
				CLANG_ENABLE_OBJC_ARC = YES;
				CLANG_ENABLE_OBJC_WEAK = YES;
				CLANG_WARN_BLOCK_CAPTURE_AUTORELEASING = YES;
				CLANG_WARN_BOOL_CONVERSION = YES;
				CLANG_WARN_COMMA = YES;
				CLANG_WARN_CONSTANT_CONVERSION = YES;
				CLANG_WARN_DEPRECATED_OBJC_IMPLEMENTATIONS = YES;
				CLANG_WARN_DIRECT_OBJC_ISA_USAGE = YES_ERROR;
				CLANG_WARN_DOCUMENTATION_COMMENTS = YES;
				CLANG_WARN_EMPTY_BODY = YES;
				CLANG_WARN_ENUM_CONVERSION = YES;
				CLANG_WARN_INFINITE_RECURSION = YES;
				CLANG_WARN_INT_CONVERSION = YES;
				CLANG_WARN_NON_LITERAL_NULL_CONVERSION = YES;
				CLANG_WARN_OBJC_IMPLICIT_RETAIN_SELF = YES;
				CLANG_WARN_OBJC_LITERAL_CONVERSION = YES;
				CLANG_WARN_OBJC_ROOT_CLASS = YES_ERROR;
				CLANG_WARN_QUOTED_INCLUDE_IN_FRAMEWORK_HEADER = YES;
				CLANG_WARN_RANGE_LOOP_ANALYSIS = YES;
				CLANG_WARN_STRICT_PROTOTYPES = YES;
				CLANG_WARN_SUSPICIOUS_MOVE = YES;
				CLANG_WARN_UNGUARDED_AVAILABILITY = YES_AGGRESSIVE;
				CLANG_WARN_UNREACHABLE_CODE = YES;
				CLANG_WARN__DUPLICATE_METHOD_MATCH = YES;
				COPY_PHASE_STRIP = NO;
				DEBUG_INFORMATION_FORMAT = "dwarf-with-dsym";
				ENABLE_NS_ASSERTIONS = NO;
				ENABLE_STRICT_OBJC_MSGSEND = YES;
				GCC_C_LANGUAGE_STANDARD = gnu11;
				GCC_NO_COMMON_BLOCKS = YES;
				GCC_WARN_64_TO_32_BIT_CONVERSION = YES;
				GCC_WARN_ABOUT_RETURN_TYPE = YES_ERROR;
				GCC_WARN_UNDECLARED_SELECTOR = YES;
				GCC_WARN_UNINITIALIZED_AUTOS = YES_AGGRESSIVE;
				GCC_WARN_UNUSED_FUNCTION = YES;
				GCC_WARN_UNUSED_VARIABLE = YES;
				MACOSX_DEPLOYMENT_TARGET = 11.1;
				MTL_ENABLE_DEBUG_INFO = NO;
				MTL_FAST_MATH = YES;
				SDKROOT = macosx;
			};
			name = Release;
		};
		D4A6A18E25F0843000075A2C /* Debug */ = {
			isa = XCBuildConfiguration;
			buildSettings = {
				CODE_SIGN_STYLE = Automatic;
				FRAMEWORK_SEARCH_PATHS = (
					"$(inherited)",
					"$(PROJECT_DIR)/Frameworks",
					"$(PROJECT_DIR)/BioTest",
					"$(LOCAL_LIBRARY_DIR)/Frameworks",
					"$(PROJECT_DIR)",
				);
				PRODUCT_NAME = "$(TARGET_NAME)";
			};
			name = Debug;
		};
		D4A6A18F25F0843000075A2C /* Release */ = {
			isa = XCBuildConfiguration;
			buildSettings = {
				CODE_SIGN_STYLE = Automatic;
				FRAMEWORK_SEARCH_PATHS = (
					"$(inherited)",
					"$(PROJECT_DIR)/Frameworks",
					"$(PROJECT_DIR)/BioTest",
					"$(LOCAL_LIBRARY_DIR)/Frameworks",
					"$(PROJECT_DIR)",
				);
				PRODUCT_NAME = "$(TARGET_NAME)";
			};
			name = Release;
		};
/* End XCBuildConfiguration section */

/* Begin XCConfigurationList section */
		D4A6A18125F0843000075A2C /* Build configuration list for PBXProject "BioTest" */ = {
			isa = XCConfigurationList;
			buildConfigurations = (
				D4A6A18B25F0843000075A2C /* Debug */,
				D4A6A18C25F0843000075A2C /* Release */,
			);
			defaultConfigurationIsVisible = 0;
			defaultConfigurationName = Release;
		};
		D4A6A18D25F0843000075A2C /* Build configuration list for PBXNativeTarget "BioTest" */ = {
			isa = XCConfigurationList;
			buildConfigurations = (
				D4A6A18E25F0843000075A2C /* Debug */,
				D4A6A18F25F0843000075A2C /* Release */,
			);
			defaultConfigurationIsVisible = 0;
			defaultConfigurationName = Release;
		};
/* End XCConfigurationList section */
	};
	rootObject = D4A6A17E25F0843000075A2C /* Project object */;
}
